
Microsoft Visual Studio Solution File, Format Version 12.00
# Visual Studio Version 17
VisualStudioVersion = 17.3.32922.545
MinimumVisualStudioVersion = 15.0.26124.0
Project("{9A19103F-16F7-4668-BE54-9A1E7A4F7556}") = "WebApp", "WebApp\WebApp.csproj", "{3C5FA34B-DD12-4638-8804-8858B82C9EA8}"
EndProject
Project("{9A19103F-16F7-4668-BE54-9A1E7A4F7556}") = "Domain", "Domain\Domain.csproj", "{A676AE36-E8BC-47A8-9697-5597EE524A40}"
EndProject
Project("{9A19103F-16F7-4668-BE54-9A1E7A4F7556}") = "Entities", "Entities\Entities.csproj", "{5D147097-9DC9-4485-A0CC-5F94D86EB545}"
EndProject
Project("{9A19103F-16F7-4668-BE54-9A1E7A4F7556}") = "Context", "Context\Context.csproj", "{D865A8F9-82B1-4F6A-9EAD-C6122F1563DE}"
EndProject
Project("{9A19103F-16F7-4668-BE54-9A1E7A4F7556}") = "Repositories", "Repositories\Repositories.csproj", "{87235315-1979-452D-B805-6190CE681C22}"
EndProject
Project("{9A19103F-16F7-4668-BE54-9A1E7A4F7556}") = "BL", "BL\BL.csproj", "{3AC67E1D-560B-454C-B4C6-8FB62850EFF5}"
EndProject
Project("{9A19103F-16F7-4668-BE54-9A1E7A4F7556}") = "StoreWebApi", "StoreWebApi\StoreWebApi.csproj", "{F90B3FE5-2470-4E04-BCCF-6F79E810749B}"
EndProject
Project("{9A19103F-16F7-4668-BE54-9A1E7A4F7556}") = "Services", "Services\Services.csproj", "{C6689FE3-FDAB-4A62-8B28-E6ACD507F648}"
EndProject
Project("{9A19103F-16F7-4668-BE54-9A1E7A4F7556}") = "ApiUnitTests", "ApiUnitTests\ApiUnitTests.csproj", "{B08B096F-E06D-4F7E-8D65-7267987B19CD}"
EndProject
Global
	GlobalSection(SolutionConfigurationPlatforms) = preSolution
		Debug|Any CPU = Debug|Any CPU
		Debug|x64 = Debug|x64
		Debug|x86 = Debug|x86
		Release|Any CPU = Release|Any CPU
		Release|x64 = Release|x64
		Release|x86 = Release|x86
	EndGlobalSection
	GlobalSection(ProjectConfigurationPlatforms) = postSolution
		{3C5FA34B-DD12-4638-8804-8858B82C9EA8}.Debug|Any CPU.ActiveCfg = Debug|Any CPU
		{3C5FA34B-DD12-4638-8804-8858B82C9EA8}.Debug|Any CPU.Build.0 = Debug|Any CPU
		{3C5FA34B-DD12-4638-8804-8858B82C9EA8}.Debug|x64.ActiveCfg = Debug|Any CPU
		{3C5FA34B-DD12-4638-8804-8858B82C9EA8}.Debug|x64.Build.0 = Debug|Any CPU
		{3C5FA34B-DD12-4638-8804-8858B82C9EA8}.Debug|x86.ActiveCfg = Debug|Any CPU
		{3C5FA34B-DD12-4638-8804-8858B82C9EA8}.Debug|x86.Build.0 = Debug|Any CPU
		{3C5FA34B-DD12-4638-8804-8858B82C9EA8}.Release|Any CPU.ActiveCfg = Debug|Any CPU
		{3C5FA34B-DD12-4638-8804-8858B82C9EA8}.Release|Any CPU.Build.0 = Debug|Any CPU
		{3C5FA34B-DD12-4638-8804-8858B82C9EA8}.Release|x64.ActiveCfg = Release|Any CPU
		{3C5FA34B-DD12-4638-8804-8858B82C9EA8}.Release|x64.Build.0 = Release|Any CPU
		{3C5FA34B-DD12-4638-8804-8858B82C9EA8}.Release|x86.ActiveCfg = Release|Any CPU
		{3C5FA34B-DD12-4638-8804-8858B82C9EA8}.Release|x86.Build.0 = Release|Any CPU
		{A676AE36-E8BC-47A8-9697-5597EE524A40}.Debug|Any CPU.ActiveCfg = Debug|Any CPU
		{A676AE36-E8BC-47A8-9697-5597EE524A40}.Debug|Any CPU.Build.0 = Debug|Any CPU
		{A676AE36-E8BC-47A8-9697-5597EE524A40}.Debug|x64.ActiveCfg = Debug|Any CPU
		{A676AE36-E8BC-47A8-9697-5597EE524A40}.Debug|x64.Build.0 = Debug|Any CPU
		{A676AE36-E8BC-47A8-9697-5597EE524A40}.Debug|x86.ActiveCfg = Debug|Any CPU
		{A676AE36-E8BC-47A8-9697-5597EE524A40}.Debug|x86.Build.0 = Debug|Any CPU
		{A676AE36-E8BC-47A8-9697-5597EE524A40}.Release|Any CPU.ActiveCfg = Debug|Any CPU
		{A676AE36-E8BC-47A8-9697-5597EE524A40}.Release|Any CPU.Build.0 = Debug|Any CPU
		{A676AE36-E8BC-47A8-9697-5597EE524A40}.Release|x64.ActiveCfg = Release|Any CPU
		{A676AE36-E8BC-47A8-9697-5597EE524A40}.Release|x64.Build.0 = Release|Any CPU
		{A676AE36-E8BC-47A8-9697-5597EE524A40}.Release|x86.ActiveCfg = Release|Any CPU
		{A676AE36-E8BC-47A8-9697-5597EE524A40}.Release|x86.Build.0 = Release|Any CPU
		{5D147097-9DC9-4485-A0CC-5F94D86EB545}.Debug|Any CPU.ActiveCfg = Debug|Any CPU
		{5D147097-9DC9-4485-A0CC-5F94D86EB545}.Debug|Any CPU.Build.0 = Debug|Any CPU
		{5D147097-9DC9-4485-A0CC-5F94D86EB545}.Debug|x64.ActiveCfg = Debug|Any CPU
		{5D147097-9DC9-4485-A0CC-5F94D86EB545}.Debug|x64.Build.0 = Debug|Any CPU
		{5D147097-9DC9-4485-A0CC-5F94D86EB545}.Debug|x86.ActiveCfg = Debug|Any CPU
		{5D147097-9DC9-4485-A0CC-5F94D86EB545}.Debug|x86.Build.0 = Debug|Any CPU
		{5D147097-9DC9-4485-A0CC-5F94D86EB545}.Release|Any CPU.ActiveCfg = Debug|Any CPU
		{5D147097-9DC9-4485-A0CC-5F94D86EB545}.Release|Any CPU.Build.0 = Debug|Any CPU
		{5D147097-9DC9-4485-A0CC-5F94D86EB545}.Release|x64.ActiveCfg = Release|Any CPU
		{5D147097-9DC9-4485-A0CC-5F94D86EB545}.Release|x64.Build.0 = Release|Any CPU
		{5D147097-9DC9-4485-A0CC-5F94D86EB545}.Release|x86.ActiveCfg = Release|Any CPU
		{5D147097-9DC9-4485-A0CC-5F94D86EB545}.Release|x86.Build.0 = Release|Any CPU
		{D865A8F9-82B1-4F6A-9EAD-C6122F1563DE}.Debug|Any CPU.ActiveCfg = Debug|Any CPU
		{D865A8F9-82B1-4F6A-9EAD-C6122F1563DE}.Debug|Any CPU.Build.0 = Debug|Any CPU
		{D865A8F9-82B1-4F6A-9EAD-C6122F1563DE}.Debug|x64.ActiveCfg = Debug|Any CPU
		{D865A8F9-82B1-4F6A-9EAD-C6122F1563DE}.Debug|x64.Build.0 = Debug|Any CPU
		{D865A8F9-82B1-4F6A-9EAD-C6122F1563DE}.Debug|x86.ActiveCfg = Debug|Any CPU
		{D865A8F9-82B1-4F6A-9EAD-C6122F1563DE}.Debug|x86.Build.0 = Debug|Any CPU
		{D865A8F9-82B1-4F6A-9EAD-C6122F1563DE}.Release|Any CPU.ActiveCfg = Debug|Any CPU
		{D865A8F9-82B1-4F6A-9EAD-C6122F1563DE}.Release|Any CPU.Build.0 = Debug|Any CPU
		{D865A8F9-82B1-4F6A-9EAD-C6122F1563DE}.Release|x64.ActiveCfg = Release|Any CPU
		{D865A8F9-82B1-4F6A-9EAD-C6122F1563DE}.Release|x64.Build.0 = Release|Any CPU
		{D865A8F9-82B1-4F6A-9EAD-C6122F1563DE}.Release|x86.ActiveCfg = Release|Any CPU
		{D865A8F9-82B1-4F6A-9EAD-C6122F1563DE}.Release|x86.Build.0 = Release|Any CPU
		{87235315-1979-452D-B805-6190CE681C22}.Debug|Any CPU.ActiveCfg = Debug|Any CPU
		{87235315-1979-452D-B805-6190CE681C22}.Debug|Any CPU.Build.0 = Debug|Any CPU
		{87235315-1979-452D-B805-6190CE681C22}.Debug|x64.ActiveCfg = Debug|Any CPU
		{87235315-1979-452D-B805-6190CE681C22}.Debug|x64.Build.0 = Debug|Any CPU
		{87235315-1979-452D-B805-6190CE681C22}.Debug|x86.ActiveCfg = Debug|Any CPU
		{87235315-1979-452D-B805-6190CE681C22}.Debug|x86.Build.0 = Debug|Any CPU
		{87235315-1979-452D-B805-6190CE681C22}.Release|Any CPU.ActiveCfg = Debug|Any CPU
		{87235315-1979-452D-B805-6190CE681C22}.Release|Any CPU.Build.0 = Debug|Any CPU
		{87235315-1979-452D-B805-6190CE681C22}.Release|x64.ActiveCfg = Release|Any CPU
		{87235315-1979-452D-B805-6190CE681C22}.Release|x64.Build.0 = Release|Any CPU
		{87235315-1979-452D-B805-6190CE681C22}.Release|x86.ActiveCfg = Release|Any CPU
		{87235315-1979-452D-B805-6190CE681C22}.Release|x86.Build.0 = Release|Any CPU
		{3AC67E1D-560B-454C-B4C6-8FB62850EFF5}.Debug|Any CPU.ActiveCfg = Debug|Any CPU
		{3AC67E1D-560B-454C-B4C6-8FB62850EFF5}.Debug|Any CPU.Build.0 = Debug|Any CPU
		{3AC67E1D-560B-454C-B4C6-8FB62850EFF5}.Debug|x64.ActiveCfg = Debug|Any CPU
		{3AC67E1D-560B-454C-B4C6-8FB62850EFF5}.Debug|x64.Build.0 = Debug|Any CPU
		{3AC67E1D-560B-454C-B4C6-8FB62850EFF5}.Debug|x86.ActiveCfg = Debug|Any CPU
		{3AC67E1D-560B-454C-B4C6-8FB62850EFF5}.Debug|x86.Build.0 = Debug|Any CPU
		{3AC67E1D-560B-454C-B4C6-8FB62850EFF5}.Release|Any CPU.ActiveCfg = Debug|Any CPU
		{3AC67E1D-560B-454C-B4C6-8FB62850EFF5}.Release|Any CPU.Build.0 = Debug|Any CPU
		{3AC67E1D-560B-454C-B4C6-8FB62850EFF5}.Release|x64.ActiveCfg = Release|Any CPU
		{3AC67E1D-560B-454C-B4C6-8FB62850EFF5}.Release|x64.Build.0 = Release|Any CPU
		{3AC67E1D-560B-454C-B4C6-8FB62850EFF5}.Release|x86.ActiveCfg = Release|Any CPU
		{3AC67E1D-560B-454C-B4C6-8FB62850EFF5}.Release|x86.Build.0 = Release|Any CPU
		{F90B3FE5-2470-4E04-BCCF-6F79E810749B}.Debug|Any CPU.ActiveCfg = Debug|Any CPU
		{F90B3FE5-2470-4E04-BCCF-6F79E810749B}.Debug|Any CPU.Build.0 = Debug|Any CPU
		{F90B3FE5-2470-4E04-BCCF-6F79E810749B}.Debug|x64.ActiveCfg = Debug|Any CPU
		{F90B3FE5-2470-4E04-BCCF-6F79E810749B}.Debug|x64.Build.0 = Debug|Any CPU
		{F90B3FE5-2470-4E04-BCCF-6F79E810749B}.Debug|x86.ActiveCfg = Debug|Any CPU
		{F90B3FE5-2470-4E04-BCCF-6F79E810749B}.Debug|x86.Build.0 = Debug|Any CPU
		{F90B3FE5-2470-4E04-BCCF-6F79E810749B}.Release|Any CPU.ActiveCfg = Debug|Any CPU
		{F90B3FE5-2470-4E04-BCCF-6F79E810749B}.Release|Any CPU.Build.0 = Debug|Any CPU
		{F90B3FE5-2470-4E04-BCCF-6F79E810749B}.Release|x64.ActiveCfg = Release|Any CPU
		{F90B3FE5-2470-4E04-BCCF-6F79E810749B}.Release|x64.Build.0 = Release|Any CPU
		{F90B3FE5-2470-4E04-BCCF-6F79E810749B}.Release|x86.ActiveCfg = Release|Any CPU
		{F90B3FE5-2470-4E04-BCCF-6F79E810749B}.Release|x86.Build.0 = Release|Any CPU
		{C6689FE3-FDAB-4A62-8B28-E6ACD507F648}.Debug|Any CPU.ActiveCfg = Debug|Any CPU
		{C6689FE3-FDAB-4A62-8B28-E6ACD507F648}.Debug|Any CPU.Build.0 = Debug|Any CPU
		{C6689FE3-FDAB-4A62-8B28-E6ACD507F648}.Debug|x64.ActiveCfg = Debug|Any CPU
		{C6689FE3-FDAB-4A62-8B28-E6ACD507F648}.Debug|x64.Build.0 = Debug|Any CPU
		{C6689FE3-FDAB-4A62-8B28-E6ACD507F648}.Debug|x86.ActiveCfg = Debug|Any CPU
		{C6689FE3-FDAB-4A62-8B28-E6ACD507F648}.Debug|x86.Build.0 = Debug|Any CPU
		{C6689FE3-FDAB-4A62-8B28-E6ACD507F648}.Release|Any CPU.ActiveCfg = Debug|Any CPU
		{C6689FE3-FDAB-4A62-8B28-E6ACD507F648}.Release|Any CPU.Build.0 = Debug|Any CPU
		{C6689FE3-FDAB-4A62-8B28-E6ACD507F648}.Release|x64.ActiveCfg = Release|Any CPU
		{C6689FE3-FDAB-4A62-8B28-E6ACD507F648}.Release|x64.Build.0 = Release|Any CPU
		{C6689FE3-FDAB-4A62-8B28-E6ACD507F648}.Release|x86.ActiveCfg = Release|Any CPU
		{C6689FE3-FDAB-4A62-8B28-E6ACD507F648}.Release|x86.Build.0 = Release|Any CPU
		{B08B096F-E06D-4F7E-8D65-7267987B19CD}.Debug|Any CPU.ActiveCfg = Debug|Any CPU
		{B08B096F-E06D-4F7E-8D65-7267987B19CD}.Debug|Any CPU.Build.0 = Debug|Any CPU
		{B08B096F-E06D-4F7E-8D65-7267987B19CD}.Debug|x64.ActiveCfg = Debug|Any CPU
		{B08B096F-E06D-4F7E-8D65-7267987B19CD}.Debug|x64.Build.0 = Debug|Any CPU
		{B08B096F-E06D-4F7E-8D65-7267987B19CD}.Debug|x86.ActiveCfg = Debug|Any CPU
		{B08B096F-E06D-4F7E-8D65-7267987B19CD}.Debug|x86.Build.0 = Debug|Any CPU
		{B08B096F-E06D-4F7E-8D65-7267987B19CD}.Release|Any CPU.ActiveCfg = Debug|Any CPU
		{B08B096F-E06D-4F7E-8D65-7267987B19CD}.Release|Any CPU.Build.0 = Debug|Any CPU
		{B08B096F-E06D-4F7E-8D65-7267987B19CD}.Release|x64.ActiveCfg = Release|Any CPU
		{B08B096F-E06D-4F7E-8D65-7267987B19CD}.Release|x64.Build.0 = Release|Any CPU
		{B08B096F-E06D-4F7E-8D65-7267987B19CD}.Release|x86.ActiveCfg = Release|Any CPU
		{B08B096F-E06D-4F7E-8D65-7267987B19CD}.Release|x86.Build.0 = Release|Any CPU
	EndGlobalSection
	GlobalSection(SolutionProperties) = preSolution
		HideSolutionNode = FALSE
	EndGlobalSection
	GlobalSection(ExtensibilityGlobals) = postSolution
		SolutionGuid = {DB35B3AF-6B12-4CF7-BBCD-BB59A5D90C53}
	EndGlobalSection
EndGlobal
